
Microsoft Visual Studio Solution File, Format Version 12.00
# Visual Studio Version 17
VisualStudioVersion = 17.8.34316.72
MinimumVisualStudioVersion = 10.0.40219.1
Project("{FAE04EC0-301F-11D3-BF4B-00C04F79EFBC}") = "workshop1", "workshop1\workshop1.csproj", "{BEC766A0-9DBF-441A-A91C-DD993ACD2DE2}"
EndProject
Global
	GlobalSection(SolutionConfigurationPlatforms) = preSolution
		Debug|Any CPU = Debug|Any CPU
		Release|Any CPU = Release|Any CPU
	EndGlobalSection
	GlobalSection(ProjectConfigurationPlatforms) = postSolution
		{BEC766A0-9DBF-441A-A91C-DD993ACD2DE2}.Debug|Any CPU.ActiveCfg = Debug|Any CPU
		{BEC766A0-9DBF-441A-A91C-DD993ACD2DE2}.Debug|Any CPU.Build.0 = Debug|Any CPU
		{BEC766A0-9DBF-441A-A91C-DD993ACD2DE2}.Release|Any CPU.ActiveCfg = Release|Any CPU
		{BEC766A0-9DBF-441A-A91C-DD993ACD2DE2}.Release|Any CPU.Build.0 = Release|Any CPU
	EndGlobalSection
	GlobalSection(SolutionProperties) = preSolution
		HideSolutionNode = FALSE
	EndGlobalSection
	GlobalSection(ExtensibilityGlobals) = postSolution
		SolutionGuid = {727A4BC8-A5CD-4F61-A75B-61B3941706B3}
	EndGlobalSection
EndGlobal
